
Microsoft Visual Studio Solution File, Format Version 12.00
# Visual Studio 15
Project("{FAE04EC0-301F-11D3-BF4B-00C04F79EFBC}") = "Assembly-CSharp", "Assembly-CSharp.csproj", "{224B4E30-6734-FFBC-E94E-C9CA40255B46}"
EndProject
Project("{FAE04EC0-301F-11D3-BF4B-00C04F79EFBC}") = "Assembly-CSharp-Editor", "Assembly-CSharp-Editor.csproj", "{865853F9-5A67-0CF2-312E-A15F39FF65E8}"
EndProject
Global
	GlobalSection(SolutionConfigurationPlatforms) = preSolution
		Debug|Any CPU = Debug|Any CPU
		Release|Any CPU = Release|Any CPU
	EndGlobalSection
	GlobalSection(ProjectConfigurationPlatforms) = postSolution
		{224B4E30-6734-FFBC-E94E-C9CA40255B46}.Debug|Any CPU.ActiveCfg = Debug|Any CPU
		{224B4E30-6734-FFBC-E94E-C9CA40255B46}.Debug|Any CPU.Build.0 = Debug|Any CPU
		{224B4E30-6734-FFBC-E94E-C9CA40255B46}.Release|Any CPU.ActiveCfg = Release|Any CPU
		{224B4E30-6734-FFBC-E94E-C9CA40255B46}.Release|Any CPU.Build.0 = Release|Any CPU
		{865853F9-5A67-0CF2-312E-A15F39FF65E8}.Debug|Any CPU.ActiveCfg = Debug|Any CPU
		{865853F9-5A67-0CF2-312E-A15F39FF65E8}.Debug|Any CPU.Build.0 = Debug|Any CPU
		{865853F9-5A67-0CF2-312E-A15F39FF65E8}.Release|Any CPU.ActiveCfg = Release|Any CPU
		{865853F9-5A67-0CF2-312E-A15F39FF65E8}.Release|Any CPU.Build.0 = Release|Any CPU
	EndGlobalSection
	GlobalSection(SolutionProperties) = preSolution
		HideSolutionNode = FALSE
	EndGlobalSection
EndGlobal
